
Microsoft Visual Studio Solution File, Format Version 12.00
# Visual Studio Version 17
VisualStudioVersion = 17.9.34622.214
MinimumVisualStudioVersion = 10.0.40219.1
Project("{FAE04EC0-301F-11D3-BF4B-00C04F79EFBC}") = "MahanPH_OOPII_MonsterHunter", "MahanPH_OOPII_MonsterHunter.csproj", "{FB0A657B-0118-4414-9B39-A1C120265EE8}"
EndProject
Project("{FAE04EC0-301F-11D3-BF4B-00C04F79EFBC}") = "MonsterHunterDLL", "MonsterHunterDLL\MonsterHunterDLL.csproj", "{C2F9503A-05F7-465B-8B92-A678FF30C99A}"
EndProject
Global
	GlobalSection(SolutionConfigurationPlatforms) = preSolution
		Debug|Any CPU = Debug|Any CPU
		Release|Any CPU = Release|Any CPU
	EndGlobalSection
	GlobalSection(ProjectConfigurationPlatforms) = postSolution
		{FB0A657B-0118-4414-9B39-A1C120265EE8}.Debug|Any CPU.ActiveCfg = Debug|Any CPU
		{FB0A657B-0118-4414-9B39-A1C120265EE8}.Debug|Any CPU.Build.0 = Debug|Any CPU
		{FB0A657B-0118-4414-9B39-A1C120265EE8}.Release|Any CPU.ActiveCfg = Release|Any CPU
		{FB0A657B-0118-4414-9B39-A1C120265EE8}.Release|Any CPU.Build.0 = Release|Any CPU
		{C2F9503A-05F7-465B-8B92-A678FF30C99A}.Debug|Any CPU.ActiveCfg = Debug|Any CPU
		{C2F9503A-05F7-465B-8B92-A678FF30C99A}.Debug|Any CPU.Build.0 = Debug|Any CPU
		{C2F9503A-05F7-465B-8B92-A678FF30C99A}.Release|Any CPU.ActiveCfg = Release|Any CPU
		{C2F9503A-05F7-465B-8B92-A678FF30C99A}.Release|Any CPU.Build.0 = Release|Any CPU
	EndGlobalSection
	GlobalSection(SolutionProperties) = preSolution
		HideSolutionNode = FALSE
	EndGlobalSection
	GlobalSection(ExtensibilityGlobals) = postSolution
		SolutionGuid = {74490CEC-F276-4251-8294-3812D07E4B3B}
	EndGlobalSection
EndGlobal
